// !$*UTF8*$!
{
	archiveVersion = 1;
	classes = {
	};
	objectVersion = 50;
	objects = {

/* Begin PBXBuildFile section */
		D625D21C22FF5B6900713E13 /* AppDelegate.swift in Sources */ = {isa = PBXBuildFile; fileRef = D625D21B22FF5B6900713E13 /* AppDelegate.swift */; };
		D625D21E22FF5B6900713E13 /* StarWarsController.swift in Sources */ = {isa = PBXBuildFile; fileRef = D625D21D22FF5B6900713E13 /* StarWarsController.swift */; };
		D625D22122FF5B6900713E13 /* Main.storyboard in Resources */ = {isa = PBXBuildFile; fileRef = D625D21F22FF5B6900713E13 /* Main.storyboard */; };
		D625D22322FF5B7100713E13 /* Assets.xcassets in Resources */ = {isa = PBXBuildFile; fileRef = D625D22222FF5B7100713E13 /* Assets.xcassets */; };
		D625D22622FF5B7100713E13 /* LaunchScreen.storyboard in Resources */ = {isa = PBXBuildFile; fileRef = D625D22422FF5B7100713E13 /* LaunchScreen.storyboard */; };
		D625D23322FF5FC000713E13 /* AppError.swift in Sources */ = {isa = PBXBuildFile; fileRef = D625D23222FF5FC000713E13 /* AppError.swift */; };
		D625D23722FF654600713E13 /* StarWarsAPIClient.swift in Sources */ = {isa = PBXBuildFile; fileRef = D625D23622FF654600713E13 /* StarWarsAPIClient.swift */; };
		D625D23922FF667D00713E13 /* NetworkHelper.swift in Sources */ = {isa = PBXBuildFile; fileRef = D625D23822FF667D00713E13 /* NetworkHelper.swift */; };
		D625D23B22FF6CB900713E13 /* StarWarsCharacter.swift in Sources */ = {isa = PBXBuildFile; fileRef = D625D23A22FF6CB900713E13 /* StarWarsCharacter.swift */; };
		D625D23D22FF6CC300713E13 /* StarWarsPlanet.swift in Sources */ = {isa = PBXBuildFile; fileRef = D625D23C22FF6CC300713E13 /* StarWarsPlanet.swift */; };
		D625D24122FFBD3200713E13 /* VC+Extensions.swift in Sources */ = {isa = PBXBuildFile; fileRef = D625D24022FFBD3200713E13 /* VC+Extensions.swift */; };
		D625D24422FFC03200713E13 /* String+DateExtensions.swift in Sources */ = {isa = PBXBuildFile; fileRef = D625D24322FFC03200713E13 /* String+DateExtensions.swift */; };
/* End PBXBuildFile section */

/* Begin PBXFileReference section */
		D625D21822FF5B6900713E13 /* Health_First_Code_Challenge.app */ = {isa = PBXFileReference; explicitFileType = wrapper.application; includeInIndex = 0; path = Health_First_Code_Challenge.app; sourceTree = BUILT_PRODUCTS_DIR; };
		D625D21B22FF5B6900713E13 /* AppDelegate.swift */ = {isa = PBXFileReference; lastKnownFileType = sourcecode.swift; path = AppDelegate.swift; sourceTree = "<group>"; };
		D625D21D22FF5B6900713E13 /* StarWarsController.swift */ = {isa = PBXFileReference; lastKnownFileType = sourcecode.swift; path = StarWarsController.swift; sourceTree = "<group>"; };
		D625D22022FF5B6900713E13 /* Base */ = {isa = PBXFileReference; lastKnownFileType = file.storyboard; name = Base; path = Base.lproj/Main.storyboard; sourceTree = "<group>"; };
		D625D22222FF5B7100713E13 /* Assets.xcassets */ = {isa = PBXFileReference; lastKnownFileType = folder.assetcatalog; path = Assets.xcassets; sourceTree = "<group>"; };
		D625D22522FF5B7100713E13 /* Base */ = {isa = PBXFileReference; lastKnownFileType = file.storyboard; name = Base; path = Base.lproj/LaunchScreen.storyboard; sourceTree = "<group>"; };
		D625D22722FF5B7100713E13 /* Info.plist */ = {isa = PBXFileReference; lastKnownFileType = text.plist.xml; path = Info.plist; sourceTree = "<group>"; };
		D625D23222FF5FC000713E13 /* AppError.swift */ = {isa = PBXFileReference; lastKnownFileType = sourcecode.swift; path = AppError.swift; sourceTree = "<group>"; };
		D625D23622FF654600713E13 /* StarWarsAPIClient.swift */ = {isa = PBXFileReference; lastKnownFileType = sourcecode.swift; path = StarWarsAPIClient.swift; sourceTree = "<group>"; };
		D625D23822FF667D00713E13 /* NetworkHelper.swift */ = {isa = PBXFileReference; lastKnownFileType = sourcecode.swift; path = NetworkHelper.swift; sourceTree = "<group>"; };
		D625D23A22FF6CB900713E13 /* StarWarsCharacter.swift */ = {isa = PBXFileReference; lastKnownFileType = sourcecode.swift; path = StarWarsCharacter.swift; sourceTree = "<group>"; };
		D625D23C22FF6CC300713E13 /* StarWarsPlanet.swift */ = {isa = PBXFileReference; lastKnownFileType = sourcecode.swift; path = StarWarsPlanet.swift; sourceTree = "<group>"; };
		D625D24022FFBD3200713E13 /* VC+Extensions.swift */ = {isa = PBXFileReference; lastKnownFileType = sourcecode.swift; path = "VC+Extensions.swift"; sourceTree = "<group>"; };
		D625D24322FFC03200713E13 /* String+DateExtensions.swift */ = {isa = PBXFileReference; lastKnownFileType = sourcecode.swift; path = "String+DateExtensions.swift"; sourceTree = "<group>"; };
/* End PBXFileReference section */

/* Begin PBXFrameworksBuildPhase section */
		D625D21522FF5B6900713E13 /* Frameworks */ = {
			isa = PBXFrameworksBuildPhase;
			buildActionMask = 2147483647;
			files = (
			);
			runOnlyForDeploymentPostprocessing = 0;
		};
/* End PBXFrameworksBuildPhase section */

/* Begin PBXGroup section */
		D625D20F22FF5B6800713E13 = {
			isa = PBXGroup;
			children = (
				D625D21A22FF5B6900713E13 /* Health_First_Code_Challenge */,
				D625D21922FF5B6900713E13 /* Products */,
			);
			sourceTree = "<group>";
		};
		D625D21922FF5B6900713E13 /* Products */ = {
			isa = PBXGroup;
			children = (
				D625D21822FF5B6900713E13 /* Health_First_Code_Challenge.app */,
			);
			name = Products;
			sourceTree = "<group>";
		};
		D625D21A22FF5B6900713E13 /* Health_First_Code_Challenge */ = {
			isa = PBXGroup;
			children = (
				D625D23222FF5FC000713E13 /* AppError.swift */,
				D625D22D22FF5B8E00713E13 /* Models */,
				D625D22E22FF5B9A00713E13 /* Views */,
				D625D22F22FF5BA800713E13 /* Controllers */,
				D625D23E22FFBCBE00713E13 /* Extensions */,
				D625D23122FF5FA000713E13 /* Network_Services */,
				D625D23022FF5BC500713E13 /* Supporting Files */,
				D625D22722FF5B7100713E13 /* Info.plist */,
			);
			path = Health_First_Code_Challenge;
			sourceTree = "<group>";
		};
		D625D22D22FF5B8E00713E13 /* Models */ = {
			isa = PBXGroup;
			children = (
				D625D23A22FF6CB900713E13 /* StarWarsCharacter.swift */,
				D625D23C22FF6CC300713E13 /* StarWarsPlanet.swift */,
			);
			path = Models;
			sourceTree = "<group>";
		};
		D625D22E22FF5B9A00713E13 /* Views */ = {
			isa = PBXGroup;
			children = (
				D625D21F22FF5B6900713E13 /* Main.storyboard */,
			);
			path = Views;
			sourceTree = "<group>";
		};
		D625D22F22FF5BA800713E13 /* Controllers */ = {
			isa = PBXGroup;
			children = (
				D625D21D22FF5B6900713E13 /* StarWarsController.swift */,
			);
			path = Controllers;
			sourceTree = "<group>";
		};
		D625D23022FF5BC500713E13 /* Supporting Files */ = {
			isa = PBXGroup;
			children = (
				D625D21B22FF5B6900713E13 /* AppDelegate.swift */,
				D625D22222FF5B7100713E13 /* Assets.xcassets */,
				D625D22422FF5B7100713E13 /* LaunchScreen.storyboard */,
			);
			path = "Supporting Files";
			sourceTree = "<group>";
		};
		D625D23122FF5FA000713E13 /* Network_Services */ = {
			isa = PBXGroup;
			children = (
				D625D23622FF654600713E13 /* StarWarsAPIClient.swift */,
				D625D23822FF667D00713E13 /* NetworkHelper.swift */,
			);
			path = Network_Services;
			sourceTree = "<group>";
		};
		D625D23E22FFBCBE00713E13 /* Extensions */ = {
			isa = PBXGroup;
			children = (
				D625D23F22FFBD1100713E13 /* Alert Helper */,
				D625D24222FFBEB500713E13 /* Date Helper */,
			);
			path = Extensions;
			sourceTree = "<group>";
		};
		D625D23F22FFBD1100713E13 /* Alert Helper */ = {
			isa = PBXGroup;
			children = (
				D625D24022FFBD3200713E13 /* VC+Extensions.swift */,
			);
			path = "Alert Helper";
			sourceTree = "<group>";
		};
		D625D24222FFBEB500713E13 /* Date Helper */ = {
			isa = PBXGroup;
			children = (
				D625D24322FFC03200713E13 /* String+DateExtensions.swift */,
			);
			path = "Date Helper";
			sourceTree = "<group>";
		};
/* End PBXGroup section */

/* Begin PBXNativeTarget section */
		D625D21722FF5B6900713E13 /* Health_First_Code_Challenge */ = {
			isa = PBXNativeTarget;
			buildConfigurationList = D625D22A22FF5B7100713E13 /* Build configuration list for PBXNativeTarget "Health_First_Code_Challenge" */;
			buildPhases = (
				D625D21422FF5B6900713E13 /* Sources */,
				D625D21522FF5B6900713E13 /* Frameworks */,
				D625D21622FF5B6900713E13 /* Resources */,
			);
			buildRules = (
			);
			dependencies = (
			);
			name = Health_First_Code_Challenge;
			productName = Health_First_Code_Challenge;
			productReference = D625D21822FF5B6900713E13 /* Health_First_Code_Challenge.app */;
			productType = "com.apple.product-type.application";
		};
/* End PBXNativeTarget section */

/* Begin PBXProject section */
		D625D21022FF5B6800713E13 /* Project object */ = {
			isa = PBXProject;
			attributes = {
				LastSwiftUpdateCheck = 1030;
				LastUpgradeCheck = 1030;
				ORGANIZATIONNAME = "Jian Ting Li";
				TargetAttributes = {
					D625D21722FF5B6900713E13 = {
						CreatedOnToolsVersion = 10.3;
					};
				};
			};
			buildConfigurationList = D625D21322FF5B6800713E13 /* Build configuration list for PBXProject "Health_First_Code_Challenge" */;
			compatibilityVersion = "Xcode 9.3";
			developmentRegion = en;
			hasScannedForEncodings = 0;
			knownRegions = (
				en,
				Base,
			);
			mainGroup = D625D20F22FF5B6800713E13;
			productRefGroup = D625D21922FF5B6900713E13 /* Products */;
			projectDirPath = "";
			projectRoot = "";
			targets = (
				D625D21722FF5B6900713E13 /* Health_First_Code_Challenge */,
			);
		};
/* End PBXProject section */

/* Begin PBXResourcesBuildPhase section */
		D625D21622FF5B6900713E13 /* Resources */ = {
			isa = PBXResourcesBuildPhase;
			buildActionMask = 2147483647;
			files = (
				D625D22622FF5B7100713E13 /* LaunchScreen.storyboard in Resources */,
				D625D22322FF5B7100713E13 /* Assets.xcassets in Resources */,
				D625D22122FF5B6900713E13 /* Main.storyboard in Resources */,
			);
			runOnlyForDeploymentPostprocessing = 0;
		};
/* End PBXResourcesBuildPhase section */

/* Begin PBXSourcesBuildPhase section */
		D625D21422FF5B6900713E13 /* Sources */ = {
			isa = PBXSourcesBuildPhase;
			buildActionMask = 2147483647;
			files = (
				D625D21E22FF5B6900713E13 /* StarWarsController.swift in Sources */,
				D625D21C22FF5B6900713E13 /* AppDelegate.swift in Sources */,
				D625D24122FFBD3200713E13 /* VC+Extensions.swift in Sources */,
				D625D23D22FF6CC300713E13 /* StarWarsPlanet.swift in Sources */,
				D625D23922FF667D00713E13 /* NetworkHelper.swift in Sources */,
				D625D24422FFC03200713E13 /* String+DateExtensions.swift in Sources */,
				D625D23722FF654600713E13 /* StarWarsAPIClient.swift in Sources */,
				D625D23B22FF6CB900713E13 /* StarWarsCharacter.swift in Sources */,
				D625D23322FF5FC000713E13 /* AppError.swift in Sources */,
			);
			runOnlyForDeploymentPostprocessing = 0;
		};
/* End PBXSourcesBuildPhase section */

/* Begin PBXVariantGroup section */
		D625D21F22FF5B6900713E13 /* Main.storyboard */ = {
			isa = PBXVariantGroup;
			children = (
				D625D22022FF5B6900713E13 /* Base */,
			);
			name = Main.storyboard;
			sourceTree = "<group>";
		};
		D625D22422FF5B7100713E13 /* LaunchScreen.storyboard */ = {
			isa = PBXVariantGroup;
			children = (
				D625D22522FF5B7100713E13 /* Base */,
			);
			name = LaunchScreen.storyboard;
			sourceTree = "<group>";
		};
/* End PBXVariantGroup section */

/* Begin XCBuildConfiguration section */
		D625D22822FF5B7100713E13 /* Debug */ = {
			isa = XCBuildConfiguration;
			buildSettings = {
				ALWAYS_SEARCH_USER_PATHS = NO;
				CLANG_ANALYZER_NONNULL = YES;
				CLANG_ANALYZER_NUMBER_OBJECT_CONVERSION = YES_AGGRESSIVE;
				CLANG_CXX_LANGUAGE_STANDARD = "gnu++14";
				CLANG_CXX_LIBRARY = "libc++";
				CLANG_ENABLE_MODULES = YES;
				CLANG_ENABLE_OBJC_ARC = YES;
				CLANG_ENABLE_OBJC_WEAK = YES;
				CLANG_WARN_BLOCK_CAPTURE_AUTORELEASING = YES;
				CLANG_WARN_BOOL_CONVERSION = YES;
				CLANG_WARN_COMMA = YES;
				CLANG_WARN_CONSTANT_CONVERSION = YES;
				CLANG_WARN_DEPRECATED_OBJC_IMPLEMENTATIONS = YES;
				CLANG_WARN_DIRECT_OBJC_ISA_USAGE = YES_ERROR;
				CLANG_WARN_DOCUMENTATION_COMMENTS = YES;
				CLANG_WARN_EMPTY_BODY = YES;
				CLANG_WARN_ENUM_CONVERSION = YES;
				CLANG_WARN_INFINITE_RECURSION = YES;
				CLANG_WARN_INT_CONVERSION = YES;
				CLANG_WARN_NON_LITERAL_NULL_CONVERSION = YES;
				CLANG_WARN_OBJC_IMPLICIT_RETAIN_SELF = YES;
				CLANG_WARN_OBJC_LITERAL_CONVERSION = YES;
				CLANG_WARN_OBJC_ROOT_CLASS = YES_ERROR;
				CLANG_WARN_RANGE_LOOP_ANALYSIS = YES;
				CLANG_WARN_STRICT_PROTOTYPES = YES;
				CLANG_WARN_SUSPICIOUS_MOVE = YES;
				CLANG_WARN_UNGUARDED_AVAILABILITY = YES_AGGRESSIVE;
				CLANG_WARN_UNREACHABLE_CODE = YES;
				CLANG_WARN__DUPLICATE_METHOD_MATCH = YES;
				CODE_SIGN_IDENTITY = "iPhone Developer";
				COPY_PHASE_STRIP = NO;
				DEBUG_INFORMATION_FORMAT = dwarf;
				ENABLE_STRICT_OBJC_MSGSEND = YES;
				ENABLE_TESTABILITY = YES;
				GCC_C_LANGUAGE_STANDARD = gnu11;
				GCC_DYNAMIC_NO_PIC = NO;
				GCC_NO_COMMON_BLOCKS = YES;
				GCC_OPTIMIZATION_LEVEL = 0;
				GCC_PREPROCESSOR_DEFINITIONS = (
					"DEBUG=1",
					"$(inherited)",
				);
				GCC_WARN_64_TO_32_BIT_CONVERSION = YES;
				GCC_WARN_ABOUT_RETURN_TYPE = YES_ERROR;
				GCC_WARN_UNDECLARED_SELECTOR = YES;
				GCC_WARN_UNINITIALIZED_AUTOS = YES_AGGRESSIVE;
				GCC_WARN_UNUSED_FUNCTION = YES;
				GCC_WARN_UNUSED_VARIABLE = YES;
				IPHONEOS_DEPLOYMENT_TARGET = 12.4;
				MTL_ENABLE_DEBUG_INFO = INCLUDE_SOURCE;
				MTL_FAST_MATH = YES;
				ONLY_ACTIVE_ARCH = YES;
				SDKROOT = iphoneos;
				SWIFT_ACTIVE_COMPILATION_CONDITIONS = DEBUG;
				SWIFT_OPTIMIZATION_LEVEL = "-Onone";
			};
			name = Debug;
		};
		D625D22922FF5B7100713E13 /* Release */ = {
			isa = XCBuildConfiguration;
			buildSettings = {
				ALWAYS_SEARCH_USER_PATHS = NO;
				CLANG_ANALYZER_NONNULL = YES;
				CLANG_ANALYZER_NUMBER_OBJECT_CONVERSION = YES_AGGRESSIVE;
				CLANG_CXX_LANGUAGE_STANDARD = "gnu++14";
				CLANG_CXX_LIBRARY = "libc++";
				CLANG_ENABLE_MODULES = YES;
				CLANG_ENABLE_OBJC_ARC = YES;
				CLANG_ENABLE_OBJC_WEAK = YES;
				CLANG_WARN_BLOCK_CAPTURE_AUTORELEASING = YES;
				CLANG_WARN_BOOL_CONVERSION = YES;
				CLANG_WARN_COMMA = YES;
				CLANG_WARN_CONSTANT_CONVERSION = YES;
				CLANG_WARN_DEPRECATED_OBJC_IMPLEMENTATIONS = YES;
				CLANG_WARN_DIRECT_OBJC_ISA_USAGE = YES_ERROR;
				CLANG_WARN_DOCUMENTATION_COMMENTS = YES;
				CLANG_WARN_EMPTY_BODY = YES;
				CLANG_WARN_ENUM_CONVERSION = YES;
				CLANG_WARN_INFINITE_RECURSION = YES;
				CLANG_WARN_INT_CONVERSION = YES;
				CLANG_WARN_NON_LITERAL_NULL_CONVERSION = YES;
				CLANG_WARN_OBJC_IMPLICIT_RETAIN_SELF = YES;
				CLANG_WARN_OBJC_LITERAL_CONVERSION = YES;
				CLANG_WARN_OBJC_ROOT_CLASS = YES_ERROR;
				CLANG_WARN_RANGE_LOOP_ANALYSIS = YES;
				CLANG_WARN_STRICT_PROTOTYPES = YES;
				CLANG_WARN_SUSPICIOUS_MOVE = YES;
				CLANG_WARN_UNGUARDED_AVAILABILITY = YES_AGGRESSIVE;
				CLANG_WARN_UNREACHABLE_CODE = YES;
				CLANG_WARN__DUPLICATE_METHOD_MATCH = YES;
				CODE_SIGN_IDENTITY = "iPhone Developer";
				COPY_PHASE_STRIP = NO;
				DEBUG_INFORMATION_FORMAT = "dwarf-with-dsym";
				ENABLE_NS_ASSERTIONS = NO;
				ENABLE_STRICT_OBJC_MSGSEND = YES;
				GCC_C_LANGUAGE_STANDARD = gnu11;
				GCC_NO_COMMON_BLOCKS = YES;
				GCC_WARN_64_TO_32_BIT_CONVERSION = YES;
				GCC_WARN_ABOUT_RETURN_TYPE = YES_ERROR;
				GCC_WARN_UNDECLARED_SELECTOR = YES;
				GCC_WARN_UNINITIALIZED_AUTOS = YES_AGGRESSIVE;
				GCC_WARN_UNUSED_FUNCTION = YES;
				GCC_WARN_UNUSED_VARIABLE = YES;
				IPHONEOS_DEPLOYMENT_TARGET = 12.4;
				MTL_ENABLE_DEBUG_INFO = NO;
				MTL_FAST_MATH = YES;
				SDKROOT = iphoneos;
				SWIFT_COMPILATION_MODE = wholemodule;
				SWIFT_OPTIMIZATION_LEVEL = "-O";
				VALIDATE_PRODUCT = YES;
			};
			name = Release;
		};
		D625D22B22FF5B7100713E13 /* Debug */ = {
			isa = XCBuildConfiguration;
			buildSettings = {
				ASSETCATALOG_COMPILER_APPICON_NAME = AppIcon;
				CODE_SIGN_STYLE = Automatic;
				DEVELOPMENT_TEAM = VXCS37P548;
				INFOPLIST_FILE = Health_First_Code_Challenge/Info.plist;
				LD_RUNPATH_SEARCH_PATHS = (
					"$(inherited)",
					"@executable_path/Frameworks",
				);
				PRODUCT_BUNDLE_IDENTIFIER = "org.pursuit.Health-First-Code-Challenge";
				PRODUCT_NAME = "$(TARGET_NAME)";
				SWIFT_VERSION = 5.0;
				TARGETED_DEVICE_FAMILY = "1,2";
			};
			name = Debug;
		};
		D625D22C22FF5B7100713E13 /* Release */ = {
			isa = XCBuildConfiguration;
			buildSettings = {
				ASSETCATALOG_COMPILER_APPICON_NAME = AppIcon;
				CODE_SIGN_STYLE = Automatic;
				DEVELOPMENT_TEAM = VXCS37P548;
				INFOPLIST_FILE = Health_First_Code_Challenge/Info.plist;
				LD_RUNPATH_SEARCH_PATHS = (
					"$(inherited)",
					"@executable_path/Frameworks",
				);
				PRODUCT_BUNDLE_IDENTIFIER = "org.pursuit.Health-First-Code-Challenge";
				PRODUCT_NAME = "$(TARGET_NAME)";
				SWIFT_VERSION = 5.0;
				TARGETED_DEVICE_FAMILY = "1,2";
			};
			name = Release;
		};
/* End XCBuildConfiguration section */

/* Begin XCConfigurationList section */
		D625D21322FF5B6800713E13 /* Build configuration list for PBXProject "Health_First_Code_Challenge" */ = {
			isa = XCConfigurationList;
			buildConfigurations = (
				D625D22822FF5B7100713E13 /* Debug */,
				D625D22922FF5B7100713E13 /* Release */,
			);
			defaultConfigurationIsVisible = 0;
			defaultConfigurationName = Release;
		};
		D625D22A22FF5B7100713E13 /* Build configuration list for PBXNativeTarget "Health_First_Code_Challenge" */ = {
			isa = XCConfigurationList;
			buildConfigurations = (
				D625D22B22FF5B7100713E13 /* Debug */,
				D625D22C22FF5B7100713E13 /* Release */,
			);
			defaultConfigurationIsVisible = 0;
			defaultConfigurationName = Release;
		};
/* End XCConfigurationList section */
	};
	rootObject = D625D21022FF5B6800713E13 /* Project object */;
}
